
Microsoft Visual Studio Solution File, Format Version 12.00
# Visual Studio Version 16
VisualStudioVersion = 16.0.31911.196
MinimumVisualStudioVersion = 10.0.40219.1
Project("{9A19103F-16F7-4668-BE54-9A1E7A4F7556}") = "ArtistSite", "ArtistSite.csproj", "{834692D1-D292-4030-8C44-3A94F3B2A88E}"
EndProject
Project("{9A19103F-16F7-4668-BE54-9A1E7A4F7556}") = "DataLayer", "DataLayer\DataLayer.csproj", "{3E9A95FE-16EC-4899-80C9-BBF772213905}"
EndProject
Project("{9A19103F-16F7-4668-BE54-9A1E7A4F7556}") = "BusinessLayer", "BusinessLayer\BusinessLayer.csproj", "{13004580-3EBA-478F-87BA-37CFF7ACD877}"
EndProject
Project("{9A19103F-16F7-4668-BE54-9A1E7A4F7556}") = "Models", "Models\Models.csproj", "{5BF1010D-9FA2-41A3-9008-68A624589426}"
EndProject
Project("{FAE04EC0-301F-11D3-BF4B-00C04F79EFBC}") = "TestProject", "TestProject\TestProject.csproj", "{E0219CA0-47B9-44FE-B83F-4969C0A328DB}"
EndProject
Global
	GlobalSection(SolutionConfigurationPlatforms) = preSolution
		Debug|Any CPU = Debug|Any CPU
		Release|Any CPU = Release|Any CPU
	EndGlobalSection
	GlobalSection(ProjectConfigurationPlatforms) = postSolution
		{834692D1-D292-4030-8C44-3A94F3B2A88E}.Debug|Any CPU.ActiveCfg = Debug|Any CPU
		{834692D1-D292-4030-8C44-3A94F3B2A88E}.Debug|Any CPU.Build.0 = Debug|Any CPU
		{834692D1-D292-4030-8C44-3A94F3B2A88E}.Release|Any CPU.ActiveCfg = Release|Any CPU
		{834692D1-D292-4030-8C44-3A94F3B2A88E}.Release|Any CPU.Build.0 = Release|Any CPU
		{3E9A95FE-16EC-4899-80C9-BBF772213905}.Debug|Any CPU.ActiveCfg = Debug|Any CPU
		{3E9A95FE-16EC-4899-80C9-BBF772213905}.Debug|Any CPU.Build.0 = Debug|Any CPU
		{3E9A95FE-16EC-4899-80C9-BBF772213905}.Release|Any CPU.ActiveCfg = Release|Any CPU
		{3E9A95FE-16EC-4899-80C9-BBF772213905}.Release|Any CPU.Build.0 = Release|Any CPU
		{13004580-3EBA-478F-87BA-37CFF7ACD877}.Debug|Any CPU.ActiveCfg = Debug|Any CPU
		{13004580-3EBA-478F-87BA-37CFF7ACD877}.Debug|Any CPU.Build.0 = Debug|Any CPU
		{13004580-3EBA-478F-87BA-37CFF7ACD877}.Release|Any CPU.ActiveCfg = Release|Any CPU
		{13004580-3EBA-478F-87BA-37CFF7ACD877}.Release|Any CPU.Build.0 = Release|Any CPU
		{5BF1010D-9FA2-41A3-9008-68A624589426}.Debug|Any CPU.ActiveCfg = Debug|Any CPU
		{5BF1010D-9FA2-41A3-9008-68A624589426}.Debug|Any CPU.Build.0 = Debug|Any CPU
		{5BF1010D-9FA2-41A3-9008-68A624589426}.Release|Any CPU.ActiveCfg = Release|Any CPU
		{5BF1010D-9FA2-41A3-9008-68A624589426}.Release|Any CPU.Build.0 = Release|Any CPU
		{E0219CA0-47B9-44FE-B83F-4969C0A328DB}.Debug|Any CPU.ActiveCfg = Debug|Any CPU
		{E0219CA0-47B9-44FE-B83F-4969C0A328DB}.Debug|Any CPU.Build.0 = Debug|Any CPU
		{E0219CA0-47B9-44FE-B83F-4969C0A328DB}.Release|Any CPU.ActiveCfg = Release|Any CPU
		{E0219CA0-47B9-44FE-B83F-4969C0A328DB}.Release|Any CPU.Build.0 = Release|Any CPU
	EndGlobalSection
	GlobalSection(SolutionProperties) = preSolution
		HideSolutionNode = FALSE
	EndGlobalSection
	GlobalSection(ExtensibilityGlobals) = postSolution
		SolutionGuid = {5DC2F569-A8EB-4661-A0CF-62B6152C09AD}
	EndGlobalSection
EndGlobal
